
Microsoft Visual Studio Solution File, Format Version 12.00
# Visual Studio Version 16
VisualStudioVersion = 16.0.30320.27
MinimumVisualStudioVersion = 10.0.40219.1
Project("{8BC9CEB8-8B4A-11D0-8D11-00A0C91BC942}") = "CPHarness", "CPHarness\CPHarness.vcxproj", "{88BB179F-7EB6-4733-A250-1E1C3DDD5042}"
EndProject
Project("{8BC9CEB8-8B4A-11D0-8D11-00A0C91BC942}") = "sender_HyperViper", "sender_HyperViper\sender_HyperViper.vcxproj", "{5D834239-5E1F-4941-8D07-C068F2BCB9C1}"
EndProject
Project("{8BC9CEB8-8B4A-11D0-8D11-00A0C91BC942}") = "HyperViperSharedAll", "HyperViperSharedAll\HyperViperSharedAll.vcxitems", "{BBC66C10-6522-4CB8-846D-1B1F955FC0C1}"
EndProject
Project("{8BC9CEB8-8B4A-11D0-8D11-00A0C91BC942}") = "HyperViperSharedUserland", "HyperViperSharedUserland\HyperViperSharedUserland.vcxitems", "{096A2149-9FDE-490C-8FA0-AC061EE017A9}"
EndProject
Global
	GlobalSection(SharedMSBuildProjectFiles) = preSolution
		HyperViperSharedUserland\HyperViperSharedUserland.vcxitems*{096a2149-9fde-490c-8fa0-ac061ee017a9}*SharedItemsImports = 9
		HyperViperSharedAll\HyperViperSharedAll.vcxitems*{5d834239-5e1f-4941-8d07-c068f2bcb9c1}*SharedItemsImports = 4
		HyperViperSharedUserland\HyperViperSharedUserland.vcxitems*{5d834239-5e1f-4941-8d07-c068f2bcb9c1}*SharedItemsImports = 4
		HyperViperSharedAll\HyperViperSharedAll.vcxitems*{bbc66c10-6522-4cb8-846d-1b1f955fc0c1}*SharedItemsImports = 9
	EndGlobalSection
	GlobalSection(SolutionConfigurationPlatforms) = preSolution
		Debug|ARM = Debug|ARM
		Debug|ARM64 = Debug|ARM64
		Debug|x64 = Debug|x64
		Debug|x86 = Debug|x86
		Release|ARM = Release|ARM
		Release|ARM64 = Release|ARM64
		Release|x64 = Release|x64
		Release|x86 = Release|x86
	EndGlobalSection
	GlobalSection(ProjectConfigurationPlatforms) = postSolution
		{88BB179F-7EB6-4733-A250-1E1C3DDD5042}.Debug|ARM.ActiveCfg = Debug|ARM
		{88BB179F-7EB6-4733-A250-1E1C3DDD5042}.Debug|ARM.Build.0 = Debug|ARM
		{88BB179F-7EB6-4733-A250-1E1C3DDD5042}.Debug|ARM.Deploy.0 = Debug|ARM
		{88BB179F-7EB6-4733-A250-1E1C3DDD5042}.Debug|ARM64.ActiveCfg = Debug|ARM64
		{88BB179F-7EB6-4733-A250-1E1C3DDD5042}.Debug|ARM64.Build.0 = Debug|ARM64
		{88BB179F-7EB6-4733-A250-1E1C3DDD5042}.Debug|ARM64.Deploy.0 = Debug|ARM64
		{88BB179F-7EB6-4733-A250-1E1C3DDD5042}.Debug|x64.ActiveCfg = Debug|x64
		{88BB179F-7EB6-4733-A250-1E1C3DDD5042}.Debug|x64.Build.0 = Debug|x64
		{88BB179F-7EB6-4733-A250-1E1C3DDD5042}.Debug|x64.Deploy.0 = Debug|x64
		{88BB179F-7EB6-4733-A250-1E1C3DDD5042}.Debug|x86.ActiveCfg = Debug|Win32
		{88BB179F-7EB6-4733-A250-1E1C3DDD5042}.Debug|x86.Build.0 = Debug|Win32
		{88BB179F-7EB6-4733-A250-1E1C3DDD5042}.Debug|x86.Deploy.0 = Debug|Win32
		{88BB179F-7EB6-4733-A250-1E1C3DDD5042}.Release|ARM.ActiveCfg = Release|ARM
		{88BB179F-7EB6-4733-A250-1E1C3DDD5042}.Release|ARM.Build.0 = Release|ARM
		{88BB179F-7EB6-4733-A250-1E1C3DDD5042}.Release|ARM.Deploy.0 = Release|ARM
		{88BB179F-7EB6-4733-A250-1E1C3DDD5042}.Release|ARM64.ActiveCfg = Release|ARM64
		{88BB179F-7EB6-4733-A250-1E1C3DDD5042}.Release|ARM64.Build.0 = Release|ARM64
		{88BB179F-7EB6-4733-A250-1E1C3DDD5042}.Release|ARM64.Deploy.0 = Release|ARM64
		{88BB179F-7EB6-4733-A250-1E1C3DDD5042}.Release|x64.ActiveCfg = Release|x64
		{88BB179F-7EB6-4733-A250-1E1C3DDD5042}.Release|x64.Build.0 = Release|x64
		{88BB179F-7EB6-4733-A250-1E1C3DDD5042}.Release|x64.Deploy.0 = Release|x64
		{88BB179F-7EB6-4733-A250-1E1C3DDD5042}.Release|x86.ActiveCfg = Release|Win32
		{88BB179F-7EB6-4733-A250-1E1C3DDD5042}.Release|x86.Build.0 = Release|Win32
		{88BB179F-7EB6-4733-A250-1E1C3DDD5042}.Release|x86.Deploy.0 = Release|Win32
		{5D834239-5E1F-4941-8D07-C068F2BCB9C1}.Debug|ARM.ActiveCfg = Debug|Win32
		{5D834239-5E1F-4941-8D07-C068F2BCB9C1}.Debug|ARM64.ActiveCfg = Debug|Win32
		{5D834239-5E1F-4941-8D07-C068F2BCB9C1}.Debug|x64.ActiveCfg = Debug|x64
		{5D834239-5E1F-4941-8D07-C068F2BCB9C1}.Debug|x64.Build.0 = Debug|x64
		{5D834239-5E1F-4941-8D07-C068F2BCB9C1}.Debug|x86.ActiveCfg = Debug|Win32
		{5D834239-5E1F-4941-8D07-C068F2BCB9C1}.Debug|x86.Build.0 = Debug|Win32
		{5D834239-5E1F-4941-8D07-C068F2BCB9C1}.Release|ARM.ActiveCfg = Release|Win32
		{5D834239-5E1F-4941-8D07-C068F2BCB9C1}.Release|ARM64.ActiveCfg = Release|Win32
		{5D834239-5E1F-4941-8D07-C068F2BCB9C1}.Release|x64.ActiveCfg = Release|x64
		{5D834239-5E1F-4941-8D07-C068F2BCB9C1}.Release|x64.Build.0 = Release|x64
		{5D834239-5E1F-4941-8D07-C068F2BCB9C1}.Release|x86.ActiveCfg = Release|Win32
		{5D834239-5E1F-4941-8D07-C068F2BCB9C1}.Release|x86.Build.0 = Release|Win32
	EndGlobalSection
	GlobalSection(SolutionProperties) = preSolution
		HideSolutionNode = FALSE
	EndGlobalSection
	GlobalSection(ExtensibilityGlobals) = postSolution
		SolutionGuid = {40FE0913-FB63-433F-9A70-F515481D2FCA}
	EndGlobalSection
EndGlobal
